
Microsoft Visual Studio Solution File, Format Version 12.00
# Visual Studio Version 17
VisualStudioVersion = 17.9.34310.174
MinimumVisualStudioVersion = 10.0.40219.1
Project("{FAE04EC0-301F-11D3-BF4B-00C04F79EFBC}") = "WindowsFormsApp2", "WindowsFormsApp2\WindowsFormsApp2.csproj", "{077BD1E1-4DF9-4D31-AE27-FE6EEDD6410B}"
EndProject
Global
	GlobalSection(SolutionConfigurationPlatforms) = preSolution
		Debug|Any CPU = Debug|Any CPU
		Release|Any CPU = Release|Any CPU
	EndGlobalSection
	GlobalSection(ProjectConfigurationPlatforms) = postSolution
		{077BD1E1-4DF9-4D31-AE27-FE6EEDD6410B}.Debug|Any CPU.ActiveCfg = Debug|Any CPU
		{077BD1E1-4DF9-4D31-AE27-FE6EEDD6410B}.Debug|Any CPU.Build.0 = Debug|Any CPU
		{077BD1E1-4DF9-4D31-AE27-FE6EEDD6410B}.Release|Any CPU.ActiveCfg = Release|Any CPU
		{077BD1E1-4DF9-4D31-AE27-FE6EEDD6410B}.Release|Any CPU.Build.0 = Release|Any CPU
	EndGlobalSection
	GlobalSection(SolutionProperties) = preSolution
		HideSolutionNode = FALSE
	EndGlobalSection
	GlobalSection(ExtensibilityGlobals) = postSolution
		SolutionGuid = {CCAE0B79-004B-42E1-8B71-8F190FCF3793}
	EndGlobalSection
EndGlobal
